// !$*UTF8*$!
{
	archiveVersion = 1;
	classes = {
	};
	objectVersion = 55;
	objects = {

/* Begin PBXBuildFile section */
		C698A4BD2A15BDD40002DA5B /* FirebaseAuth in Frameworks */ = {isa = PBXBuildFile; productRef = C698A4BC2A15BDD40002DA5B /* FirebaseAuth */; };
		C698A4BF2A15BDD40002DA5B /* FirebaseDatabase in Frameworks */ = {isa = PBXBuildFile; productRef = C698A4BE2A15BDD40002DA5B /* FirebaseDatabase */; };
		C698A4C12A15BDD40002DA5B /* FirebaseFirestore in Frameworks */ = {isa = PBXBuildFile; productRef = C698A4C02A15BDD40002DA5B /* FirebaseFirestore */; };
		C698A4C32A15BDD40002DA5B /* FirebaseFirestoreSwift in Frameworks */ = {isa = PBXBuildFile; productRef = C698A4C22A15BDD40002DA5B /* FirebaseFirestoreSwift */; };
		C698A4D12A16020F0002DA5B /* ProductViewModel.swift in Sources */ = {isa = PBXBuildFile; fileRef = C698A4D02A16020E0002DA5B /* ProductViewModel.swift */; };
		C698A4D32A16033D0002DA5B /* Product.swift in Sources */ = {isa = PBXBuildFile; fileRef = C698A4D22A16033D0002DA5B /* Product.swift */; };
		C698A4D52A16052D0002DA5B /* Purchase.swift in Sources */ = {isa = PBXBuildFile; fileRef = C698A4D42A16052D0002DA5B /* Purchase.swift */; };
		C698A4D72A16059B0002DA5B /* Sale.swift in Sources */ = {isa = PBXBuildFile; fileRef = C698A4D62A16059B0002DA5B /* Sale.swift */; };
		C698A4D92A1607190002DA5B /* User.swift in Sources */ = {isa = PBXBuildFile; fileRef = C698A4D82A1607190002DA5B /* User.swift */; };
		C6BD70172A1AA54A0056E6D8 /* SaleListView.swift in Sources */ = {isa = PBXBuildFile; fileRef = C6BD70162A1AA54A0056E6D8 /* SaleListView.swift */; };
		C6BD70192A1AA69A0056E6D8 /* SaleDetailView.swift in Sources */ = {isa = PBXBuildFile; fileRef = C6BD70182A1AA69A0056E6D8 /* SaleDetailView.swift */; };
		C6BD701D2A1AA8E60056E6D8 /* SaleEditView.swift in Sources */ = {isa = PBXBuildFile; fileRef = C6BD701C2A1AA8E60056E6D8 /* SaleEditView.swift */; };
		C6F168132A16C1B1004CEC06 /* ProductsViewModel.swift in Sources */ = {isa = PBXBuildFile; fileRef = C6F168122A16C1B1004CEC06 /* ProductsViewModel.swift */; };
		C6F168152A16C448004CEC06 /* PurchaseViewModel.swift in Sources */ = {isa = PBXBuildFile; fileRef = C6F168142A16C448004CEC06 /* PurchaseViewModel.swift */; };
		C6F168172A16CABE004CEC06 /* SaleViewModel.swift in Sources */ = {isa = PBXBuildFile; fileRef = C6F168162A16CABE004CEC06 /* SaleViewModel.swift */; };
		C6F168192A16CE5E004CEC06 /* UserViewModel.swift in Sources */ = {isa = PBXBuildFile; fileRef = C6F168182A16CE5E004CEC06 /* UserViewModel.swift */; };
		C6F1681B2A16D2DF004CEC06 /* PurchasesViewModel.swift in Sources */ = {isa = PBXBuildFile; fileRef = C6F1681A2A16D2DF004CEC06 /* PurchasesViewModel.swift */; };
		C6F1681D2A16D403004CEC06 /* UsersViewModel.swift in Sources */ = {isa = PBXBuildFile; fileRef = C6F1681C2A16D403004CEC06 /* UsersViewModel.swift */; };
		C6F1681F2A16D59C004CEC06 /* SalesViewModel.swift in Sources */ = {isa = PBXBuildFile; fileRef = C6F1681E2A16D59C004CEC06 /* SalesViewModel.swift */; };
		C6F168222A175C4A004CEC06 /* UserListView.swift in Sources */ = {isa = PBXBuildFile; fileRef = C6F168212A175C4A004CEC06 /* UserListView.swift */; };
		C6F168242A1765D5004CEC06 /* GoogleService-Info.plist in Resources */ = {isa = PBXBuildFile; fileRef = C6F168232A1765D5004CEC06 /* GoogleService-Info.plist */; };
		C6F168262A180E9D004CEC06 /* UserDetailView.swift in Sources */ = {isa = PBXBuildFile; fileRef = C6F168252A180E9D004CEC06 /* UserDetailView.swift */; };
		C6F168282A18106E004CEC06 /* UserEditView.swift in Sources */ = {isa = PBXBuildFile; fileRef = C6F168272A18106E004CEC06 /* UserEditView.swift */; };
		C6F1682A2A186D0C004CEC06 /* ProductListView.swift in Sources */ = {isa = PBXBuildFile; fileRef = C6F168292A186D0C004CEC06 /* ProductListView.swift */; };
		C6F1682C2A186E10004CEC06 /* ProductDetailView.swift in Sources */ = {isa = PBXBuildFile; fileRef = C6F1682B2A186E10004CEC06 /* ProductDetailView.swift */; };
		C6F1682E2A186E27004CEC06 /* ProductEditView.swift in Sources */ = {isa = PBXBuildFile; fileRef = C6F1682D2A186E27004CEC06 /* ProductEditView.swift */; };
		C6F168302A18899D004CEC06 /* PurchaseListView.swift in Sources */ = {isa = PBXBuildFile; fileRef = C6F1682F2A18899D004CEC06 /* PurchaseListView.swift */; };
		C6F168322A1889B9004CEC06 /* PurchaseDetailView.swift in Sources */ = {isa = PBXBuildFile; fileRef = C6F168312A1889B9004CEC06 /* PurchaseDetailView.swift */; };
		C6F168342A1889D0004CEC06 /* PurchaseEditView.swift in Sources */ = {isa = PBXBuildFile; fileRef = C6F168332A1889D0004CEC06 /* PurchaseEditView.swift */; };
		F108623029F744390017EFB0 /* puntoDeVentaApp.swift in Sources */ = {isa = PBXBuildFile; fileRef = F108622F29F744390017EFB0 /* puntoDeVentaApp.swift */; };
		F108623229F744390017EFB0 /* ContentView.swift in Sources */ = {isa = PBXBuildFile; fileRef = F108623129F744390017EFB0 /* ContentView.swift */; };
		F108623429F7443B0017EFB0 /* Assets.xcassets in Resources */ = {isa = PBXBuildFile; fileRef = F108623329F7443B0017EFB0 /* Assets.xcassets */; };
		F108623729F7443B0017EFB0 /* Preview Assets.xcassets in Resources */ = {isa = PBXBuildFile; fileRef = F108623629F7443B0017EFB0 /* Preview Assets.xcassets */; };
		F108625A29F745740017EFB0 /* purchaseView.swift in Sources */ = {isa = PBXBuildFile; fileRef = F108625929F745740017EFB0 /* purchaseView.swift */; };
		F108625C29F759110017EFB0 /* LoginView.swift in Sources */ = {isa = PBXBuildFile; fileRef = F108625B29F759110017EFB0 /* LoginView.swift */; };
		F108625E29F759180017EFB0 /* MenuView.swift in Sources */ = {isa = PBXBuildFile; fileRef = F108625D29F759180017EFB0 /* MenuView.swift */; };
		F1338BE329FA072200DE5682 /* UserView.swift in Sources */ = {isa = PBXBuildFile; fileRef = F1338BE229FA072200DE5682 /* UserView.swift */; };
		F1338BE529FA0CFF00DE5682 /* SalesView.swift in Sources */ = {isa = PBXBuildFile; fileRef = F1338BE429FA0CFF00DE5682 /* SalesView.swift */; };
		F1338BE729FA0D0A00DE5682 /* ProductView.swift in Sources */ = {isa = PBXBuildFile; fileRef = F1338BE629FA0D0A00DE5682 /* ProductView.swift */; };
/* End PBXBuildFile section */

/* Begin PBXContainerItemProxy section */
		F108623D29F7443B0017EFB0 /* PBXContainerItemProxy */ = {
			isa = PBXContainerItemProxy;
			containerPortal = F108622429F744390017EFB0 /* Project object */;
			proxyType = 1;
			remoteGlobalIDString = F108622B29F744390017EFB0;
			remoteInfo = puntoDeVenta;
		};
		F108624729F7443B0017EFB0 /* PBXContainerItemProxy */ = {
			isa = PBXContainerItemProxy;
			containerPortal = F108622429F744390017EFB0 /* Project object */;
			proxyType = 1;
			remoteGlobalIDString = F108622B29F744390017EFB0;
			remoteInfo = puntoDeVenta;
		};
/* End PBXContainerItemProxy section */

/* Begin PBXFileReference section */
		C698A4D02A16020E0002DA5B /* ProductViewModel.swift */ = {isa = PBXFileReference; fileEncoding = 4; lastKnownFileType = sourcecode.swift; path = ProductViewModel.swift; sourceTree = "<group>"; };
		C698A4D22A16033D0002DA5B /* Product.swift */ = {isa = PBXFileReference; lastKnownFileType = sourcecode.swift; path = Product.swift; sourceTree = "<group>"; };
		C698A4D42A16052D0002DA5B /* Purchase.swift */ = {isa = PBXFileReference; lastKnownFileType = sourcecode.swift; path = Purchase.swift; sourceTree = "<group>"; };
		C698A4D62A16059B0002DA5B /* Sale.swift */ = {isa = PBXFileReference; lastKnownFileType = sourcecode.swift; path = Sale.swift; sourceTree = "<group>"; };
		C698A4D82A1607190002DA5B /* User.swift */ = {isa = PBXFileReference; lastKnownFileType = sourcecode.swift; path = User.swift; sourceTree = "<group>"; };
		C6BD70162A1AA54A0056E6D8 /* SaleListView.swift */ = {isa = PBXFileReference; lastKnownFileType = sourcecode.swift; path = SaleListView.swift; sourceTree = "<group>"; };
		C6BD70182A1AA69A0056E6D8 /* SaleDetailView.swift */ = {isa = PBXFileReference; lastKnownFileType = sourcecode.swift; path = SaleDetailView.swift; sourceTree = "<group>"; };
		C6BD701C2A1AA8E60056E6D8 /* SaleEditView.swift */ = {isa = PBXFileReference; lastKnownFileType = sourcecode.swift; path = SaleEditView.swift; sourceTree = "<group>"; };
		C6F168122A16C1B1004CEC06 /* ProductsViewModel.swift */ = {isa = PBXFileReference; lastKnownFileType = sourcecode.swift; path = ProductsViewModel.swift; sourceTree = "<group>"; };
		C6F168142A16C448004CEC06 /* PurchaseViewModel.swift */ = {isa = PBXFileReference; lastKnownFileType = sourcecode.swift; path = PurchaseViewModel.swift; sourceTree = "<group>"; };
		C6F168162A16CABE004CEC06 /* SaleViewModel.swift */ = {isa = PBXFileReference; lastKnownFileType = sourcecode.swift; path = SaleViewModel.swift; sourceTree = "<group>"; };
		C6F168182A16CE5E004CEC06 /* UserViewModel.swift */ = {isa = PBXFileReference; lastKnownFileType = sourcecode.swift; path = UserViewModel.swift; sourceTree = "<group>"; };
		C6F1681A2A16D2DF004CEC06 /* PurchasesViewModel.swift */ = {isa = PBXFileReference; lastKnownFileType = sourcecode.swift; path = PurchasesViewModel.swift; sourceTree = "<group>"; };
		C6F1681C2A16D403004CEC06 /* UsersViewModel.swift */ = {isa = PBXFileReference; lastKnownFileType = sourcecode.swift; path = UsersViewModel.swift; sourceTree = "<group>"; };
		C6F1681E2A16D59C004CEC06 /* SalesViewModel.swift */ = {isa = PBXFileReference; lastKnownFileType = sourcecode.swift; path = SalesViewModel.swift; sourceTree = "<group>"; };
		C6F168212A175C4A004CEC06 /* UserListView.swift */ = {isa = PBXFileReference; lastKnownFileType = sourcecode.swift; path = UserListView.swift; sourceTree = "<group>"; };
		C6F168232A1765D5004CEC06 /* GoogleService-Info.plist */ = {isa = PBXFileReference; fileEncoding = 4; lastKnownFileType = text.plist.xml; path = "GoogleService-Info.plist"; sourceTree = "<group>"; };
		C6F168252A180E9D004CEC06 /* UserDetailView.swift */ = {isa = PBXFileReference; lastKnownFileType = sourcecode.swift; path = UserDetailView.swift; sourceTree = "<group>"; };
		C6F168272A18106E004CEC06 /* UserEditView.swift */ = {isa = PBXFileReference; lastKnownFileType = sourcecode.swift; path = UserEditView.swift; sourceTree = "<group>"; };
		C6F168292A186D0C004CEC06 /* ProductListView.swift */ = {isa = PBXFileReference; lastKnownFileType = sourcecode.swift; path = ProductListView.swift; sourceTree = "<group>"; };
		C6F1682B2A186E10004CEC06 /* ProductDetailView.swift */ = {isa = PBXFileReference; lastKnownFileType = sourcecode.swift; path = ProductDetailView.swift; sourceTree = "<group>"; };
		C6F1682D2A186E27004CEC06 /* ProductEditView.swift */ = {isa = PBXFileReference; lastKnownFileType = sourcecode.swift; path = ProductEditView.swift; sourceTree = "<group>"; };
		C6F1682F2A18899D004CEC06 /* PurchaseListView.swift */ = {isa = PBXFileReference; lastKnownFileType = sourcecode.swift; path = PurchaseListView.swift; sourceTree = "<group>"; };
		C6F168312A1889B9004CEC06 /* PurchaseDetailView.swift */ = {isa = PBXFileReference; lastKnownFileType = sourcecode.swift; path = PurchaseDetailView.swift; sourceTree = "<group>"; };
		C6F168332A1889D0004CEC06 /* PurchaseEditView.swift */ = {isa = PBXFileReference; lastKnownFileType = sourcecode.swift; path = PurchaseEditView.swift; sourceTree = "<group>"; };
		F108622C29F744390017EFB0 /* puntoDeVenta.app */ = {isa = PBXFileReference; explicitFileType = wrapper.application; includeInIndex = 0; path = puntoDeVenta.app; sourceTree = BUILT_PRODUCTS_DIR; };
		F108622F29F744390017EFB0 /* puntoDeVentaApp.swift */ = {isa = PBXFileReference; lastKnownFileType = sourcecode.swift; path = puntoDeVentaApp.swift; sourceTree = "<group>"; };
		F108623129F744390017EFB0 /* ContentView.swift */ = {isa = PBXFileReference; lastKnownFileType = sourcecode.swift; path = ContentView.swift; sourceTree = "<group>"; };
		F108623329F7443B0017EFB0 /* Assets.xcassets */ = {isa = PBXFileReference; lastKnownFileType = folder.assetcatalog; path = Assets.xcassets; sourceTree = "<group>"; };
		F108623629F7443B0017EFB0 /* Preview Assets.xcassets */ = {isa = PBXFileReference; lastKnownFileType = folder.assetcatalog; path = "Preview Assets.xcassets"; sourceTree = "<group>"; };
		F108623C29F7443B0017EFB0 /* puntoDeVentaTests.xctest */ = {isa = PBXFileReference; explicitFileType = wrapper.cfbundle; includeInIndex = 0; path = puntoDeVentaTests.xctest; sourceTree = BUILT_PRODUCTS_DIR; };
		F108624629F7443B0017EFB0 /* puntoDeVentaUITests.xctest */ = {isa = PBXFileReference; explicitFileType = wrapper.cfbundle; includeInIndex = 0; path = puntoDeVentaUITests.xctest; sourceTree = BUILT_PRODUCTS_DIR; };
		F108625929F745740017EFB0 /* purchaseView.swift */ = {isa = PBXFileReference; lastKnownFileType = sourcecode.swift; path = purchaseView.swift; sourceTree = "<group>"; };
		F108625B29F759110017EFB0 /* LoginView.swift */ = {isa = PBXFileReference; lastKnownFileType = sourcecode.swift; path = LoginView.swift; sourceTree = "<group>"; };
		F108625D29F759180017EFB0 /* MenuView.swift */ = {isa = PBXFileReference; lastKnownFileType = sourcecode.swift; path = MenuView.swift; sourceTree = "<group>"; };
		F1338BE229FA072200DE5682 /* UserView.swift */ = {isa = PBXFileReference; lastKnownFileType = sourcecode.swift; path = UserView.swift; sourceTree = "<group>"; };
		F1338BE429FA0CFF00DE5682 /* SalesView.swift */ = {isa = PBXFileReference; lastKnownFileType = sourcecode.swift; path = SalesView.swift; sourceTree = "<group>"; };
		F1338BE629FA0D0A00DE5682 /* ProductView.swift */ = {isa = PBXFileReference; lastKnownFileType = sourcecode.swift; path = ProductView.swift; sourceTree = "<group>"; };
/* End PBXFileReference section */

/* Begin PBXFrameworksBuildPhase section */
		F108622929F744390017EFB0 /* Frameworks */ = {
			isa = PBXFrameworksBuildPhase;
			buildActionMask = 2147483647;
			files = (
				C698A4BF2A15BDD40002DA5B /* FirebaseDatabase in Frameworks */,
				C698A4BD2A15BDD40002DA5B /* FirebaseAuth in Frameworks */,
				C698A4C12A15BDD40002DA5B /* FirebaseFirestore in Frameworks */,
				C698A4C32A15BDD40002DA5B /* FirebaseFirestoreSwift in Frameworks */,
			);
			runOnlyForDeploymentPostprocessing = 0;
		};
		F108623929F7443B0017EFB0 /* Frameworks */ = {
			isa = PBXFrameworksBuildPhase;
			buildActionMask = 2147483647;
			files = (
			);
			runOnlyForDeploymentPostprocessing = 0;
		};
		F108624329F7443B0017EFB0 /* Frameworks */ = {
			isa = PBXFrameworksBuildPhase;
			buildActionMask = 2147483647;
			files = (
			);
			runOnlyForDeploymentPostprocessing = 0;
		};
/* End PBXFrameworksBuildPhase section */

/* Begin PBXGroup section */
		C698A4CC2A1602030002DA5B /* Models */ = {
			isa = PBXGroup;
			children = (
				C698A4D22A16033D0002DA5B /* Product.swift */,
				C698A4D42A16052D0002DA5B /* Purchase.swift */,
				C698A4D62A16059B0002DA5B /* Sale.swift */,
				C698A4D82A1607190002DA5B /* User.swift */,
			);
			path = Models;
			sourceTree = "<group>";
		};
		C698A4CF2A16020E0002DA5B /* ViewModels */ = {
			isa = PBXGroup;
			children = (
				C698A4D02A16020E0002DA5B /* ProductViewModel.swift */,
				C6F168122A16C1B1004CEC06 /* ProductsViewModel.swift */,
				C6F168142A16C448004CEC06 /* PurchaseViewModel.swift */,
				C6F168162A16CABE004CEC06 /* SaleViewModel.swift */,
				C6F168182A16CE5E004CEC06 /* UserViewModel.swift */,
				C6F1681A2A16D2DF004CEC06 /* PurchasesViewModel.swift */,
				C6F1681C2A16D403004CEC06 /* UsersViewModel.swift */,
				C6F1681E2A16D59C004CEC06 /* SalesViewModel.swift */,
			);
			path = ViewModels;
			sourceTree = "<group>";
		};
		C6F168202A16DC84004CEC06 /* View */ = {
			isa = PBXGroup;
			children = (
				F1338BE629FA0D0A00DE5682 /* ProductView.swift */,
				F1338BE229FA072200DE5682 /* UserView.swift */,
				F108625929F745740017EFB0 /* purchaseView.swift */,
				F108625B29F759110017EFB0 /* LoginView.swift */,
				F1338BE429FA0CFF00DE5682 /* SalesView.swift */,
				F108625D29F759180017EFB0 /* MenuView.swift */,
				C6F168212A175C4A004CEC06 /* UserListView.swift */,
				C6F168252A180E9D004CEC06 /* UserDetailView.swift */,
				C6F168272A18106E004CEC06 /* UserEditView.swift */,
				C6F168292A186D0C004CEC06 /* ProductListView.swift */,
				C6F1682B2A186E10004CEC06 /* ProductDetailView.swift */,
				C6F1682D2A186E27004CEC06 /* ProductEditView.swift */,
				C6F1682F2A18899D004CEC06 /* PurchaseListView.swift */,
				C6F168312A1889B9004CEC06 /* PurchaseDetailView.swift */,
				C6F168332A1889D0004CEC06 /* PurchaseEditView.swift */,
				C6BD70162A1AA54A0056E6D8 /* SaleListView.swift */,
				C6BD70182A1AA69A0056E6D8 /* SaleDetailView.swift */,
				C6BD701C2A1AA8E60056E6D8 /* SaleEditView.swift */,
			);
			path = View;
			sourceTree = "<group>";
		};
		F108622329F744390017EFB0 = {
			isa = PBXGroup;
			children = (
				F108622E29F744390017EFB0 /* puntoDeVenta */,
				F108622D29F744390017EFB0 /* Products */,
			);
			sourceTree = "<group>";
		};
		F108622D29F744390017EFB0 /* Products */ = {
			isa = PBXGroup;
			children = (
				F108622C29F744390017EFB0 /* puntoDeVenta.app */,
				F108623C29F7443B0017EFB0 /* puntoDeVentaTests.xctest */,
				F108624629F7443B0017EFB0 /* puntoDeVentaUITests.xctest */,
			);
			name = Products;
			sourceTree = "<group>";
		};
		F108622E29F744390017EFB0 /* puntoDeVenta */ = {
			isa = PBXGroup;
			children = (
				C6F168232A1765D5004CEC06 /* GoogleService-Info.plist */,
				C6F168202A16DC84004CEC06 /* View */,
				F108622F29F744390017EFB0 /* puntoDeVentaApp.swift */,
				C698A4CF2A16020E0002DA5B /* ViewModels */,
				F108623129F744390017EFB0 /* ContentView.swift */,
				C698A4CC2A1602030002DA5B /* Models */,
				F108623329F7443B0017EFB0 /* Assets.xcassets */,
				F108623529F7443B0017EFB0 /* Preview Content */,
			);
			path = puntoDeVenta;
			sourceTree = "<group>";
		};
		F108623529F7443B0017EFB0 /* Preview Content */ = {
			isa = PBXGroup;
			children = (
				F108623629F7443B0017EFB0 /* Preview Assets.xcassets */,
			);
			path = "Preview Content";
			sourceTree = "<group>";
		};
/* End PBXGroup section */

/* Begin PBXNativeTarget section */
		F108622B29F744390017EFB0 /* puntoDeVenta */ = {
			isa = PBXNativeTarget;
			buildConfigurationList = F108625029F7443B0017EFB0 /* Build configuration list for PBXNativeTarget "puntoDeVenta" */;
			buildPhases = (
				F108622829F744390017EFB0 /* Sources */,
				F108622929F744390017EFB0 /* Frameworks */,
				F108622A29F744390017EFB0 /* Resources */,
			);
			buildRules = (
			);
			dependencies = (
			);
			name = puntoDeVenta;
			packageProductDependencies = (
				C698A4BC2A15BDD40002DA5B /* FirebaseAuth */,
				C698A4BE2A15BDD40002DA5B /* FirebaseDatabase */,
				C698A4C02A15BDD40002DA5B /* FirebaseFirestore */,
				C698A4C22A15BDD40002DA5B /* FirebaseFirestoreSwift */,
			);
			productName = puntoDeVenta;
			productReference = F108622C29F744390017EFB0 /* puntoDeVenta.app */;
			productType = "com.apple.product-type.application";
		};
		F108623B29F7443B0017EFB0 /* puntoDeVentaTests */ = {
			isa = PBXNativeTarget;
			buildConfigurationList = F108625329F7443B0017EFB0 /* Build configuration list for PBXNativeTarget "puntoDeVentaTests" */;
			buildPhases = (
				F108623829F7443B0017EFB0 /* Sources */,
				F108623929F7443B0017EFB0 /* Frameworks */,
				F108623A29F7443B0017EFB0 /* Resources */,
			);
			buildRules = (
			);
			dependencies = (
				F108623E29F7443B0017EFB0 /* PBXTargetDependency */,
			);
			name = puntoDeVentaTests;
			productName = puntoDeVentaTests;
			productReference = F108623C29F7443B0017EFB0 /* puntoDeVentaTests.xctest */;
			productType = "com.apple.product-type.bundle.unit-test";
		};
		F108624529F7443B0017EFB0 /* puntoDeVentaUITests */ = {
			isa = PBXNativeTarget;
			buildConfigurationList = F108625629F7443B0017EFB0 /* Build configuration list for PBXNativeTarget "puntoDeVentaUITests" */;
			buildPhases = (
				F108624229F7443B0017EFB0 /* Sources */,
				F108624329F7443B0017EFB0 /* Frameworks */,
				F108624429F7443B0017EFB0 /* Resources */,
			);
			buildRules = (
			);
			dependencies = (
				F108624829F7443B0017EFB0 /* PBXTargetDependency */,
			);
			name = puntoDeVentaUITests;
			productName = puntoDeVentaUITests;
			productReference = F108624629F7443B0017EFB0 /* puntoDeVentaUITests.xctest */;
			productType = "com.apple.product-type.bundle.ui-testing";
		};
/* End PBXNativeTarget section */

/* Begin PBXProject section */
		F108622429F744390017EFB0 /* Project object */ = {
			isa = PBXProject;
			attributes = {
				BuildIndependentTargetsInParallel = 1;
				LastSwiftUpdateCheck = 1420;
				LastUpgradeCheck = 1420;
				TargetAttributes = {
					F108622B29F744390017EFB0 = {
						CreatedOnToolsVersion = 14.2;
					};
					F108623B29F7443B0017EFB0 = {
						CreatedOnToolsVersion = 14.2;
						TestTargetID = F108622B29F744390017EFB0;
					};
					F108624529F7443B0017EFB0 = {
						CreatedOnToolsVersion = 14.2;
						TestTargetID = F108622B29F744390017EFB0;
					};
				};
			};
			buildConfigurationList = F108622729F744390017EFB0 /* Build configuration list for PBXProject "puntoDeVenta" */;
			compatibilityVersion = "Xcode 13.0";
			developmentRegion = en;
			hasScannedForEncodings = 0;
			knownRegions = (
				en,
				Base,
			);
			mainGroup = F108622329F744390017EFB0;
			packageReferences = (
				C698A4BB2A15BDD40002DA5B /* XCRemoteSwiftPackageReference "firebase-ios-sdk" */,
			);
			productRefGroup = F108622D29F744390017EFB0 /* Products */;
			projectDirPath = "";
			projectRoot = "";
			targets = (
				F108622B29F744390017EFB0 /* puntoDeVenta */,
				F108623B29F7443B0017EFB0 /* puntoDeVentaTests */,
				F108624529F7443B0017EFB0 /* puntoDeVentaUITests */,
			);
		};
/* End PBXProject section */

/* Begin PBXResourcesBuildPhase section */
		F108622A29F744390017EFB0 /* Resources */ = {
			isa = PBXResourcesBuildPhase;
			buildActionMask = 2147483647;
			files = (
				F108623729F7443B0017EFB0 /* Preview Assets.xcassets in Resources */,
				C6F168242A1765D5004CEC06 /* GoogleService-Info.plist in Resources */,
				F108623429F7443B0017EFB0 /* Assets.xcassets in Resources */,
			);
			runOnlyForDeploymentPostprocessing = 0;
		};
		F108623A29F7443B0017EFB0 /* Resources */ = {
			isa = PBXResourcesBuildPhase;
			buildActionMask = 2147483647;
			files = (
			);
			runOnlyForDeploymentPostprocessing = 0;
		};
		F108624429F7443B0017EFB0 /* Resources */ = {
			isa = PBXResourcesBuildPhase;
			buildActionMask = 2147483647;
			files = (
			);
			runOnlyForDeploymentPostprocessing = 0;
		};
/* End PBXResourcesBuildPhase section */

/* Begin PBXSourcesBuildPhase section */
		F108622829F744390017EFB0 /* Sources */ = {
			isa = PBXSourcesBuildPhase;
			buildActionMask = 2147483647;
			files = (
				C6F1682A2A186D0C004CEC06 /* ProductListView.swift in Sources */,
				C6F168302A18899D004CEC06 /* PurchaseListView.swift in Sources */,
				C698A4D92A1607190002DA5B /* User.swift in Sources */,
				C698A4D52A16052D0002DA5B /* Purchase.swift in Sources */,
				C6F168132A16C1B1004CEC06 /* ProductsViewModel.swift in Sources */,
				F1338BE729FA0D0A00DE5682 /* ProductView.swift in Sources */,
				F1338BE529FA0CFF00DE5682 /* SalesView.swift in Sources */,
				F108625E29F759180017EFB0 /* MenuView.swift in Sources */,
				C698A4D12A16020F0002DA5B /* ProductViewModel.swift in Sources */,
				C6F168222A175C4A004CEC06 /* UserListView.swift in Sources */,
				C6F168152A16C448004CEC06 /* PurchaseViewModel.swift in Sources */,
				F1338BE329FA072200DE5682 /* UserView.swift in Sources */,
				C6F168262A180E9D004CEC06 /* UserDetailView.swift in Sources */,
				F108625A29F745740017EFB0 /* purchaseView.swift in Sources */,
				F108623229F744390017EFB0 /* ContentView.swift in Sources */,
				C698A4D32A16033D0002DA5B /* Product.swift in Sources */,
				C6F1681D2A16D403004CEC06 /* UsersViewModel.swift in Sources */,
				F108625C29F759110017EFB0 /* LoginView.swift in Sources */,
				C698A4D72A16059B0002DA5B /* Sale.swift in Sources */,
				C6BD701D2A1AA8E60056E6D8 /* SaleEditView.swift in Sources */,
				C6F1682E2A186E27004CEC06 /* ProductEditView.swift in Sources */,
				C6F1681F2A16D59C004CEC06 /* SalesViewModel.swift in Sources */,
				C6F168282A18106E004CEC06 /* UserEditView.swift in Sources */,
				C6F168192A16CE5E004CEC06 /* UserViewModel.swift in Sources */,
				C6BD70192A1AA69A0056E6D8 /* SaleDetailView.swift in Sources */,
				C6F1682C2A186E10004CEC06 /* ProductDetailView.swift in Sources */,
				C6F168322A1889B9004CEC06 /* PurchaseDetailView.swift in Sources */,
				C6BD70172A1AA54A0056E6D8 /* SaleListView.swift in Sources */,
				C6F1681B2A16D2DF004CEC06 /* PurchasesViewModel.swift in Sources */,
				F108623029F744390017EFB0 /* puntoDeVentaApp.swift in Sources */,
				C6F168342A1889D0004CEC06 /* PurchaseEditView.swift in Sources */,
				C6F168172A16CABE004CEC06 /* SaleViewModel.swift in Sources */,
			);
			runOnlyForDeploymentPostprocessing = 0;
		};
		F108623829F7443B0017EFB0 /* Sources */ = {
			isa = PBXSourcesBuildPhase;
			buildActionMask = 2147483647;
			files = (
			);
			runOnlyForDeploymentPostprocessing = 0;
		};
		F108624229F7443B0017EFB0 /* Sources */ = {
			isa = PBXSourcesBuildPhase;
			buildActionMask = 2147483647;
			files = (
			);
			runOnlyForDeploymentPostprocessing = 0;
		};
/* End PBXSourcesBuildPhase section */

/* Begin PBXTargetDependency section */
		F108623E29F7443B0017EFB0 /* PBXTargetDependency */ = {
			isa = PBXTargetDependency;
			target = F108622B29F744390017EFB0 /* puntoDeVenta */;
			targetProxy = F108623D29F7443B0017EFB0 /* PBXContainerItemProxy */;
		};
		F108624829F7443B0017EFB0 /* PBXTargetDependency */ = {
			isa = PBXTargetDependency;
			target = F108622B29F744390017EFB0 /* puntoDeVenta */;
			targetProxy = F108624729F7443B0017EFB0 /* PBXContainerItemProxy */;
		};
/* End PBXTargetDependency section */

/* Begin XCBuildConfiguration section */
		F108624E29F7443B0017EFB0 /* Debug */ = {
			isa = XCBuildConfiguration;
			buildSettings = {
				ALWAYS_SEARCH_USER_PATHS = NO;
				CLANG_ANALYZER_NONNULL = YES;
				CLANG_ANALYZER_NUMBER_OBJECT_CONVERSION = YES_AGGRESSIVE;
				CLANG_CXX_LANGUAGE_STANDARD = "gnu++20";
				CLANG_ENABLE_MODULES = YES;
				CLANG_ENABLE_OBJC_ARC = YES;
				CLANG_ENABLE_OBJC_WEAK = YES;
				CLANG_WARN_BLOCK_CAPTURE_AUTORELEASING = YES;
				CLANG_WARN_BOOL_CONVERSION = YES;
				CLANG_WARN_COMMA = YES;
				CLANG_WARN_CONSTANT_CONVERSION = YES;
				CLANG_WARN_DEPRECATED_OBJC_IMPLEMENTATIONS = YES;
				CLANG_WARN_DIRECT_OBJC_ISA_USAGE = YES_ERROR;
				CLANG_WARN_DOCUMENTATION_COMMENTS = YES;
				CLANG_WARN_EMPTY_BODY = YES;
				CLANG_WARN_ENUM_CONVERSION = YES;
				CLANG_WARN_INFINITE_RECURSION = YES;
				CLANG_WARN_INT_CONVERSION = YES;
				CLANG_WARN_NON_LITERAL_NULL_CONVERSION = YES;
				CLANG_WARN_OBJC_IMPLICIT_RETAIN_SELF = YES;
				CLANG_WARN_OBJC_LITERAL_CONVERSION = YES;
				CLANG_WARN_OBJC_ROOT_CLASS = YES_ERROR;
				CLANG_WARN_QUOTED_INCLUDE_IN_FRAMEWORK_HEADER = YES;
				CLANG_WARN_RANGE_LOOP_ANALYSIS = YES;
				CLANG_WARN_STRICT_PROTOTYPES = YES;
				CLANG_WARN_SUSPICIOUS_MOVE = YES;
				CLANG_WARN_UNGUARDED_AVAILABILITY = YES_AGGRESSIVE;
				CLANG_WARN_UNREACHABLE_CODE = YES;
				CLANG_WARN__DUPLICATE_METHOD_MATCH = YES;
				COPY_PHASE_STRIP = NO;
				DEBUG_INFORMATION_FORMAT = dwarf;
				ENABLE_STRICT_OBJC_MSGSEND = YES;
				ENABLE_TESTABILITY = YES;
				GCC_C_LANGUAGE_STANDARD = gnu11;
				GCC_DYNAMIC_NO_PIC = NO;
				GCC_NO_COMMON_BLOCKS = YES;
				GCC_OPTIMIZATION_LEVEL = 0;
				GCC_PREPROCESSOR_DEFINITIONS = (
					"DEBUG=1",
					"$(inherited)",
				);
				GCC_WARN_64_TO_32_BIT_CONVERSION = YES;
				GCC_WARN_ABOUT_RETURN_TYPE = YES_ERROR;
				GCC_WARN_UNDECLARED_SELECTOR = YES;
				GCC_WARN_UNINITIALIZED_AUTOS = YES_AGGRESSIVE;
				GCC_WARN_UNUSED_FUNCTION = YES;
				GCC_WARN_UNUSED_VARIABLE = YES;
				IPHONEOS_DEPLOYMENT_TARGET = 16.2;
				MTL_ENABLE_DEBUG_INFO = INCLUDE_SOURCE;
				MTL_FAST_MATH = YES;
				ONLY_ACTIVE_ARCH = YES;
				SDKROOT = iphoneos;
				SWIFT_ACTIVE_COMPILATION_CONDITIONS = DEBUG;
				SWIFT_OPTIMIZATION_LEVEL = "-Onone";
			};
			name = Debug;
		};
		F108624F29F7443B0017EFB0 /* Release */ = {
			isa = XCBuildConfiguration;
			buildSettings = {
				ALWAYS_SEARCH_USER_PATHS = NO;
				CLANG_ANALYZER_NONNULL = YES;
				CLANG_ANALYZER_NUMBER_OBJECT_CONVERSION = YES_AGGRESSIVE;
				CLANG_CXX_LANGUAGE_STANDARD = "gnu++20";
				CLANG_ENABLE_MODULES = YES;
				CLANG_ENABLE_OBJC_ARC = YES;
				CLANG_ENABLE_OBJC_WEAK = YES;
				CLANG_WARN_BLOCK_CAPTURE_AUTORELEASING = YES;
				CLANG_WARN_BOOL_CONVERSION = YES;
				CLANG_WARN_COMMA = YES;
				CLANG_WARN_CONSTANT_CONVERSION = YES;
				CLANG_WARN_DEPRECATED_OBJC_IMPLEMENTATIONS = YES;
				CLANG_WARN_DIRECT_OBJC_ISA_USAGE = YES_ERROR;
				CLANG_WARN_DOCUMENTATION_COMMENTS = YES;
				CLANG_WARN_EMPTY_BODY = YES;
				CLANG_WARN_ENUM_CONVERSION = YES;
				CLANG_WARN_INFINITE_RECURSION = YES;
				CLANG_WARN_INT_CONVERSION = YES;
				CLANG_WARN_NON_LITERAL_NULL_CONVERSION = YES;
				CLANG_WARN_OBJC_IMPLICIT_RETAIN_SELF = YES;
				CLANG_WARN_OBJC_LITERAL_CONVERSION = YES;
				CLANG_WARN_OBJC_ROOT_CLASS = YES_ERROR;
				CLANG_WARN_QUOTED_INCLUDE_IN_FRAMEWORK_HEADER = YES;
				CLANG_WARN_RANGE_LOOP_ANALYSIS = YES;
				CLANG_WARN_STRICT_PROTOTYPES = YES;
				CLANG_WARN_SUSPICIOUS_MOVE = YES;
				CLANG_WARN_UNGUARDED_AVAILABILITY = YES_AGGRESSIVE;
				CLANG_WARN_UNREACHABLE_CODE = YES;
				CLANG_WARN__DUPLICATE_METHOD_MATCH = YES;
				COPY_PHASE_STRIP = NO;
				DEBUG_INFORMATION_FORMAT = "dwarf-with-dsym";
				ENABLE_NS_ASSERTIONS = NO;
				ENABLE_STRICT_OBJC_MSGSEND = YES;
				GCC_C_LANGUAGE_STANDARD = gnu11;
				GCC_NO_COMMON_BLOCKS = YES;
				GCC_WARN_64_TO_32_BIT_CONVERSION = YES;
				GCC_WARN_ABOUT_RETURN_TYPE = YES_ERROR;
				GCC_WARN_UNDECLARED_SELECTOR = YES;
				GCC_WARN_UNINITIALIZED_AUTOS = YES_AGGRESSIVE;
				GCC_WARN_UNUSED_FUNCTION = YES;
				GCC_WARN_UNUSED_VARIABLE = YES;
				IPHONEOS_DEPLOYMENT_TARGET = 16.2;
				MTL_ENABLE_DEBUG_INFO = NO;
				MTL_FAST_MATH = YES;
				SDKROOT = iphoneos;
				SWIFT_COMPILATION_MODE = wholemodule;
				SWIFT_OPTIMIZATION_LEVEL = "-O";
				VALIDATE_PRODUCT = YES;
			};
			name = Release;
		};
		F108625129F7443B0017EFB0 /* Debug */ = {
			isa = XCBuildConfiguration;
			buildSettings = {
				ASSETCATALOG_COMPILER_APPICON_NAME = AppIcon;
				ASSETCATALOG_COMPILER_GLOBAL_ACCENT_COLOR_NAME = AccentColor;
				CODE_SIGN_STYLE = Automatic;
				CURRENT_PROJECT_VERSION = 1;
				DEVELOPMENT_ASSET_PATHS = "\"puntoDeVenta/Preview Content\"";
				ENABLE_PREVIEWS = YES;
				GENERATE_INFOPLIST_FILE = YES;
				INFOPLIST_KEY_UIApplicationSceneManifest_Generation = YES;
				INFOPLIST_KEY_UIApplicationSupportsIndirectInputEvents = YES;
				INFOPLIST_KEY_UILaunchScreen_Generation = YES;
				INFOPLIST_KEY_UISupportedInterfaceOrientations_iPad = "UIInterfaceOrientationPortrait UIInterfaceOrientationPortraitUpsideDown UIInterfaceOrientationLandscapeLeft UIInterfaceOrientationLandscapeRight";
				INFOPLIST_KEY_UISupportedInterfaceOrientations_iPhone = "UIInterfaceOrientationPortrait UIInterfaceOrientationLandscapeLeft UIInterfaceOrientationLandscapeRight";
				IPHONEOS_DEPLOYMENT_TARGET = 15.5;
				LD_RUNPATH_SEARCH_PATHS = (
					"$(inherited)",
					"@executable_path/Frameworks",
				);
				MARKETING_VERSION = 1.0;
				PRODUCT_BUNDLE_IDENTIFIER = yoshimeza69.puntoDeVenta;
				PRODUCT_NAME = "$(TARGET_NAME)";
				SWIFT_EMIT_LOC_STRINGS = YES;
				SWIFT_VERSION = 5.0;
				TARGETED_DEVICE_FAMILY = "1,2";
			};
			name = Debug;
		};
		F108625229F7443B0017EFB0 /* Release */ = {
			isa = XCBuildConfiguration;
			buildSettings = {
				ASSETCATALOG_COMPILER_APPICON_NAME = AppIcon;
				ASSETCATALOG_COMPILER_GLOBAL_ACCENT_COLOR_NAME = AccentColor;
				CODE_SIGN_STYLE = Automatic;
				CURRENT_PROJECT_VERSION = 1;
				DEVELOPMENT_ASSET_PATHS = "\"puntoDeVenta/Preview Content\"";
				ENABLE_PREVIEWS = YES;
				GENERATE_INFOPLIST_FILE = YES;
				INFOPLIST_KEY_UIApplicationSceneManifest_Generation = YES;
				INFOPLIST_KEY_UIApplicationSupportsIndirectInputEvents = YES;
				INFOPLIST_KEY_UILaunchScreen_Generation = YES;
				INFOPLIST_KEY_UISupportedInterfaceOrientations_iPad = "UIInterfaceOrientationPortrait UIInterfaceOrientationPortraitUpsideDown UIInterfaceOrientationLandscapeLeft UIInterfaceOrientationLandscapeRight";
				INFOPLIST_KEY_UISupportedInterfaceOrientations_iPhone = "UIInterfaceOrientationPortrait UIInterfaceOrientationLandscapeLeft UIInterfaceOrientationLandscapeRight";
				IPHONEOS_DEPLOYMENT_TARGET = 15.5;
				LD_RUNPATH_SEARCH_PATHS = (
					"$(inherited)",
					"@executable_path/Frameworks",
				);
				MARKETING_VERSION = 1.0;
				PRODUCT_BUNDLE_IDENTIFIER = yoshimeza69.puntoDeVenta;
				PRODUCT_NAME = "$(TARGET_NAME)";
				SWIFT_EMIT_LOC_STRINGS = YES;
				SWIFT_VERSION = 5.0;
				TARGETED_DEVICE_FAMILY = "1,2";
			};
			name = Release;
		};
		F108625429F7443B0017EFB0 /* Debug */ = {
			isa = XCBuildConfiguration;
			buildSettings = {
				ALWAYS_EMBED_SWIFT_STANDARD_LIBRARIES = YES;
				BUNDLE_LOADER = "$(TEST_HOST)";
				CODE_SIGN_STYLE = Automatic;
				CURRENT_PROJECT_VERSION = 1;
				GENERATE_INFOPLIST_FILE = YES;
				IPHONEOS_DEPLOYMENT_TARGET = 16.2;
				MARKETING_VERSION = 1.0;
				PRODUCT_BUNDLE_IDENTIFIER = yoshimeza69.puntoDeVentaTests;
				PRODUCT_NAME = "$(TARGET_NAME)";
				SWIFT_EMIT_LOC_STRINGS = NO;
				SWIFT_VERSION = 5.0;
				TARGETED_DEVICE_FAMILY = "1,2";
				TEST_HOST = "$(BUILT_PRODUCTS_DIR)/puntoDeVenta.app/$(BUNDLE_EXECUTABLE_FOLDER_PATH)/puntoDeVenta";
			};
			name = Debug;
		};
		F108625529F7443B0017EFB0 /* Release */ = {
			isa = XCBuildConfiguration;
			buildSettings = {
				ALWAYS_EMBED_SWIFT_STANDARD_LIBRARIES = YES;
				BUNDLE_LOADER = "$(TEST_HOST)";
				CODE_SIGN_STYLE = Automatic;
				CURRENT_PROJECT_VERSION = 1;
				GENERATE_INFOPLIST_FILE = YES;
				IPHONEOS_DEPLOYMENT_TARGET = 16.2;
				MARKETING_VERSION = 1.0;
				PRODUCT_BUNDLE_IDENTIFIER = yoshimeza69.puntoDeVentaTests;
				PRODUCT_NAME = "$(TARGET_NAME)";
				SWIFT_EMIT_LOC_STRINGS = NO;
				SWIFT_VERSION = 5.0;
				TARGETED_DEVICE_FAMILY = "1,2";
				TEST_HOST = "$(BUILT_PRODUCTS_DIR)/puntoDeVenta.app/$(BUNDLE_EXECUTABLE_FOLDER_PATH)/puntoDeVenta";
			};
			name = Release;
		};
		F108625729F7443B0017EFB0 /* Debug */ = {
			isa = XCBuildConfiguration;
			buildSettings = {
				ALWAYS_EMBED_SWIFT_STANDARD_LIBRARIES = YES;
				CODE_SIGN_STYLE = Automatic;
				CURRENT_PROJECT_VERSION = 1;
				GENERATE_INFOPLIST_FILE = YES;
				MARKETING_VERSION = 1.0;
				PRODUCT_BUNDLE_IDENTIFIER = yoshimeza69.puntoDeVentaUITests;
				PRODUCT_NAME = "$(TARGET_NAME)";
				SWIFT_EMIT_LOC_STRINGS = NO;
				SWIFT_VERSION = 5.0;
				TARGETED_DEVICE_FAMILY = "1,2";
				TEST_TARGET_NAME = puntoDeVenta;
			};
			name = Debug;
		};
		F108625829F7443B0017EFB0 /* Release */ = {
			isa = XCBuildConfiguration;
			buildSettings = {
				ALWAYS_EMBED_SWIFT_STANDARD_LIBRARIES = YES;
				CODE_SIGN_STYLE = Automatic;
				CURRENT_PROJECT_VERSION = 1;
				GENERATE_INFOPLIST_FILE = YES;
				MARKETING_VERSION = 1.0;
				PRODUCT_BUNDLE_IDENTIFIER = yoshimeza69.puntoDeVentaUITests;
				PRODUCT_NAME = "$(TARGET_NAME)";
				SWIFT_EMIT_LOC_STRINGS = NO;
				SWIFT_VERSION = 5.0;
				TARGETED_DEVICE_FAMILY = "1,2";
				TEST_TARGET_NAME = puntoDeVenta;
			};
			name = Release;
		};
/* End XCBuildConfiguration section */

/* Begin XCConfigurationList section */
		F108622729F744390017EFB0 /* Build configuration list for PBXProject "puntoDeVenta" */ = {
			isa = XCConfigurationList;
			buildConfigurations = (
				F108624E29F7443B0017EFB0 /* Debug */,
				F108624F29F7443B0017EFB0 /* Release */,
			);
			defaultConfigurationIsVisible = 0;
			defaultConfigurationName = Release;
		};
		F108625029F7443B0017EFB0 /* Build configuration list for PBXNativeTarget "puntoDeVenta" */ = {
			isa = XCConfigurationList;
			buildConfigurations = (
				F108625129F7443B0017EFB0 /* Debug */,
				F108625229F7443B0017EFB0 /* Release */,
			);
			defaultConfigurationIsVisible = 0;
			defaultConfigurationName = Release;
		};
		F108625329F7443B0017EFB0 /* Build configuration list for PBXNativeTarget "puntoDeVentaTests" */ = {
			isa = XCConfigurationList;
			buildConfigurations = (
				F108625429F7443B0017EFB0 /* Debug */,
				F108625529F7443B0017EFB0 /* Release */,
			);
			defaultConfigurationIsVisible = 0;
			defaultConfigurationName = Release;
		};
		F108625629F7443B0017EFB0 /* Build configuration list for PBXNativeTarget "puntoDeVentaUITests" */ = {
			isa = XCConfigurationList;
			buildConfigurations = (
				F108625729F7443B0017EFB0 /* Debug */,
				F108625829F7443B0017EFB0 /* Release */,
			);
			defaultConfigurationIsVisible = 0;
			defaultConfigurationName = Release;
		};
/* End XCConfigurationList section */

/* Begin XCRemoteSwiftPackageReference section */
		C698A4BB2A15BDD40002DA5B /* XCRemoteSwiftPackageReference "firebase-ios-sdk" */ = {
			isa = XCRemoteSwiftPackageReference;
			repositoryURL = "https://github.com/firebase/firebase-ios-sdk.git";
			requirement = {
				kind = upToNextMajorVersion;
				minimumVersion = 9.0.0;
			};
		};
/* End XCRemoteSwiftPackageReference section */

/* Begin XCSwiftPackageProductDependency section */
		C698A4BC2A15BDD40002DA5B /* FirebaseAuth */ = {
			isa = XCSwiftPackageProductDependency;
			package = C698A4BB2A15BDD40002DA5B /* XCRemoteSwiftPackageReference "firebase-ios-sdk" */;
			productName = FirebaseAuth;
		};
		C698A4BE2A15BDD40002DA5B /* FirebaseDatabase */ = {
			isa = XCSwiftPackageProductDependency;
			package = C698A4BB2A15BDD40002DA5B /* XCRemoteSwiftPackageReference "firebase-ios-sdk" */;
			productName = FirebaseDatabase;
		};
		C698A4C02A15BDD40002DA5B /* FirebaseFirestore */ = {
			isa = XCSwiftPackageProductDependency;
			package = C698A4BB2A15BDD40002DA5B /* XCRemoteSwiftPackageReference "firebase-ios-sdk" */;
			productName = FirebaseFirestore;
		};
		C698A4C22A15BDD40002DA5B /* FirebaseFirestoreSwift */ = {
			isa = XCSwiftPackageProductDependency;
			package = C698A4BB2A15BDD40002DA5B /* XCRemoteSwiftPackageReference "firebase-ios-sdk" */;
			productName = FirebaseFirestoreSwift;
		};
/* End XCSwiftPackageProductDependency section */
	};
	rootObject = F108622429F744390017EFB0 /* Project object */;
}
